
Microsoft Visual Studio Solution File, Format Version 12.00
# Visual Studio 15
VisualStudioVersion = 15.0.28307.1321
MinimumVisualStudioVersion = 10.0.40219.1
Project("{FAE04EC0-301F-11D3-BF4B-00C04F79EFBC}") = "Test1", "Test1\Test1.csproj", "{E53DE7C5-A0B0-4EF9-919A-64FB8284672D}"
EndProject
Global
	GlobalSection(SolutionConfigurationPlatforms) = preSolution
		Debug|Any CPU = Debug|Any CPU
		Release|Any CPU = Release|Any CPU
	EndGlobalSection
	GlobalSection(ProjectConfigurationPlatforms) = postSolution
		{E53DE7C5-A0B0-4EF9-919A-64FB8284672D}.Debug|Any CPU.ActiveCfg = Debug|Any CPU
		{E53DE7C5-A0B0-4EF9-919A-64FB8284672D}.Debug|Any CPU.Build.0 = Debug|Any CPU
		{E53DE7C5-A0B0-4EF9-919A-64FB8284672D}.Release|Any CPU.ActiveCfg = Release|Any CPU
		{E53DE7C5-A0B0-4EF9-919A-64FB8284672D}.Release|Any CPU.Build.0 = Release|Any CPU
	EndGlobalSection
	GlobalSection(SolutionProperties) = preSolution
		HideSolutionNode = FALSE
	EndGlobalSection
	GlobalSection(ExtensibilityGlobals) = postSolution
		SolutionGuid = {1AECC1D0-7A8A-4822-9555-BDD10C855E06}
	EndGlobalSection
EndGlobal
